# This file is autogenerated, do not edit; changes may be undone by the next 'dep ensure'.


[[projects]]
  branch = "master"
  name = "github.com/afex/hystrix-go"
  packages = [
    "hystrix",
    "hystrix/metric_collector",
    "hystrix/rolling"
  ]
  revision = "27fae8d30f1a3cbcab6618d2ee55a4cb43064376"

[[projects]]
  branch = "master"
  name = "github.com/bcicen/grmon"
  packages = ["."]
  revision = "c4d4b500d709ad6a7afac094514452fa3e1b41e3"

[[projects]]
  name = "github.com/gojektech/heimdall"
  packages = ["."]
  revision = "b496d1f3593487abf8161822f38a6612704fdc44"
  version = "v3.0.0"

[[projects]]
  name = "github.com/gojektech/valkyrie"
  packages = ["."]
  revision = "6aee720afcdffc337029305c126e0079491063f0"
  version = "v1.0"

[[projects]]
  name = "github.com/pkg/errors"
  packages = ["."]
  revision = "645ef00459ed84a119197bfb8d8205042c6df63d"
  version = "v0.8.0"

[solve-meta]
  analyzer-name = "dep"
  analyzer-version = 1
  inputs-digest = "2b4a02aa013b0e3fa968792a68deeea1308e012ae918bc4f8892bfc5352aa89d"
  solver-name = "gps-cdcl"
  solver-version = 1
